
Microsoft Visual Studio Solution File, Format Version 12.00
# Visual Studio 15
VisualStudioVersion = 15.0.28010.2048
MinimumVisualStudioVersion = 10.0.40219.1
Project("{FAE04EC0-301F-11D3-BF4B-00C04F79EFBC}") = "MeMiXReMiX", "MeMiXReMiX\MeMiXReMiX.csproj", "{044A603F-70D8-4DF7-901A-D73FB4B74AAE}"
EndProject
Global
	GlobalSection(SolutionConfigurationPlatforms) = preSolution
		Debug|Any CPU = Debug|Any CPU
		Release|Any CPU = Release|Any CPU
	EndGlobalSection
	GlobalSection(ProjectConfigurationPlatforms) = postSolution
		{044A603F-70D8-4DF7-901A-D73FB4B74AAE}.Debug|Any CPU.ActiveCfg = Debug|Any CPU
		{044A603F-70D8-4DF7-901A-D73FB4B74AAE}.Debug|Any CPU.Build.0 = Debug|Any CPU
		{044A603F-70D8-4DF7-901A-D73FB4B74AAE}.Release|Any CPU.ActiveCfg = Release|Any CPU
		{044A603F-70D8-4DF7-901A-D73FB4B74AAE}.Release|Any CPU.Build.0 = Release|Any CPU
	EndGlobalSection
	GlobalSection(SolutionProperties) = preSolution
		HideSolutionNode = FALSE
	EndGlobalSection
	GlobalSection(ExtensibilityGlobals) = postSolution
		SolutionGuid = {5DC38C6E-7310-4622-BEC8-B3F8B59C2DF5}
	EndGlobalSection
EndGlobal
